
Microsoft Visual Studio Solution File, Format Version 12.00
# Visual Studio Version 17
VisualStudioVersion = 17.13.35825.156 d17.13
MinimumVisualStudioVersion = 10.0.40219.1
Project("{FAE04EC0-301F-11D3-BF4B-00C04F79EFBC}") = "Myoffice", "Myoffice.csproj", "{6A258398-AEE3-4A77-84E3-83B9A8500F18}"
EndProject
Global
	GlobalSection(SolutionConfigurationPlatforms) = preSolution
		Debug|Any CPU = Debug|Any CPU
		Release|Any CPU = Release|Any CPU
	EndGlobalSection
	GlobalSection(ProjectConfigurationPlatforms) = postSolution
		{6A258398-AEE3-4A77-84E3-83B9A8500F18}.Debug|Any CPU.ActiveCfg = Debug|Any CPU
		{6A258398-AEE3-4A77-84E3-83B9A8500F18}.Debug|Any CPU.Build.0 = Debug|Any CPU
		{6A258398-AEE3-4A77-84E3-83B9A8500F18}.Release|Any CPU.ActiveCfg = Release|Any CPU
		{6A258398-AEE3-4A77-84E3-83B9A8500F18}.Release|Any CPU.Build.0 = Release|Any CPU
	EndGlobalSection
	GlobalSection(SolutionProperties) = preSolution
		HideSolutionNode = FALSE
	EndGlobalSection
	GlobalSection(ExtensibilityGlobals) = postSolution
		SolutionGuid = {79B8D4EB-6630-422F-90B2-A0126BA5D5D1}
	EndGlobalSection
EndGlobal
